
Microsoft Visual Studio Solution File, Format Version 12.00
# Visual Studio Version 16
VisualStudioVersion = 16.0.29613.14
MinimumVisualStudioVersion = 10.0.40219.1
Project("{9A19103F-16F7-4668-BE54-9A1E7A4F7556}") = "HunterCFreemanSite", "HunterCFreemanSite\HunterCFreemanSite.csproj", "{93BEC0FA-0898-438A-82A9-A85C5508A0DD}"
EndProject
Global
	GlobalSection(SolutionConfigurationPlatforms) = preSolution
		Debug|Any CPU = Debug|Any CPU
		Release|Any CPU = Release|Any CPU
	EndGlobalSection
	GlobalSection(ProjectConfigurationPlatforms) = postSolution
		{93BEC0FA-0898-438A-82A9-A85C5508A0DD}.Debug|Any CPU.ActiveCfg = Debug|Any CPU
		{93BEC0FA-0898-438A-82A9-A85C5508A0DD}.Debug|Any CPU.Build.0 = Debug|Any CPU
		{93BEC0FA-0898-438A-82A9-A85C5508A0DD}.Release|Any CPU.ActiveCfg = Release|Any CPU
		{93BEC0FA-0898-438A-82A9-A85C5508A0DD}.Release|Any CPU.Build.0 = Release|Any CPU
	EndGlobalSection
	GlobalSection(SolutionProperties) = preSolution
		HideSolutionNode = FALSE
	EndGlobalSection
	GlobalSection(ExtensibilityGlobals) = postSolution
		SolutionGuid = {E087F143-BD37-4812-8646-8B157FCE452A}
	EndGlobalSection
EndGlobal
